
Microsoft Visual Studio Solution File, Format Version 12.00
# Visual Studio 15
VisualStudioVersion = 15.0.26730.3
MinimumVisualStudioVersion = 10.0.40219.1
Project("{9A19103F-16F7-4668-BE54-9A1E7A4F7556}") = "CosmosDBTestAgent", "CosmosDBTestAgent\CosmosDBTestAgent.csproj", "{F0B27668-1A24-423F-945B-300D6C5965BA}"
EndProject
Project("{FAE04EC0-301F-11D3-BF4B-00C04F79EFBC}") = "CosmosDBTesterUI", "CosmosDBTesterUI\CosmosDBTesterUI.csproj", "{78EE3EAC-3295-4A55-85E6-F3F086FB3F74}"
EndProject
Project("{FAE04EC0-301F-11D3-BF4B-00C04F79EFBC}") = "CosmosDBTestAgentConsole", "CosmosDBTestAgentConsole\CosmosDBTestAgentConsole.csproj", "{0FBF61F5-3A19-4121-AAD7-2C31BB701181}"
EndProject
Project("{FAE04EC0-301F-11D3-BF4B-00C04F79EFBC}") = "CosmosDBTesterModels", "CosmosDBTesterModels\CosmosDBTesterModels.csproj", "{E541CBDD-EB95-44F4-BA73-AC5CB17E4187}"
EndProject
Global
	GlobalSection(SolutionConfigurationPlatforms) = preSolution
		Debug|Any CPU = Debug|Any CPU
		Debug|ARM = Debug|ARM
		Debug|x64 = Debug|x64
		Debug|x86 = Debug|x86
		Release|Any CPU = Release|Any CPU
		Release|ARM = Release|ARM
		Release|x64 = Release|x64
		Release|x86 = Release|x86
	EndGlobalSection
	GlobalSection(ProjectConfigurationPlatforms) = postSolution
		{F0B27668-1A24-423F-945B-300D6C5965BA}.Debug|Any CPU.ActiveCfg = Debug|Any CPU
		{F0B27668-1A24-423F-945B-300D6C5965BA}.Debug|Any CPU.Build.0 = Debug|Any CPU
		{F0B27668-1A24-423F-945B-300D6C5965BA}.Debug|ARM.ActiveCfg = Debug|Any CPU
		{F0B27668-1A24-423F-945B-300D6C5965BA}.Debug|ARM.Build.0 = Debug|Any CPU
		{F0B27668-1A24-423F-945B-300D6C5965BA}.Debug|x64.ActiveCfg = Debug|Any CPU
		{F0B27668-1A24-423F-945B-300D6C5965BA}.Debug|x64.Build.0 = Debug|Any CPU
		{F0B27668-1A24-423F-945B-300D6C5965BA}.Debug|x86.ActiveCfg = Debug|Any CPU
		{F0B27668-1A24-423F-945B-300D6C5965BA}.Debug|x86.Build.0 = Debug|Any CPU
		{F0B27668-1A24-423F-945B-300D6C5965BA}.Release|Any CPU.ActiveCfg = Release|Any CPU
		{F0B27668-1A24-423F-945B-300D6C5965BA}.Release|Any CPU.Build.0 = Release|Any CPU
		{F0B27668-1A24-423F-945B-300D6C5965BA}.Release|ARM.ActiveCfg = Release|Any CPU
		{F0B27668-1A24-423F-945B-300D6C5965BA}.Release|ARM.Build.0 = Release|Any CPU
		{F0B27668-1A24-423F-945B-300D6C5965BA}.Release|x64.ActiveCfg = Release|Any CPU
		{F0B27668-1A24-423F-945B-300D6C5965BA}.Release|x64.Build.0 = Release|Any CPU
		{F0B27668-1A24-423F-945B-300D6C5965BA}.Release|x86.ActiveCfg = Release|Any CPU
		{F0B27668-1A24-423F-945B-300D6C5965BA}.Release|x86.Build.0 = Release|Any CPU
		{78EE3EAC-3295-4A55-85E6-F3F086FB3F74}.Debug|Any CPU.ActiveCfg = Debug|x86
		{78EE3EAC-3295-4A55-85E6-F3F086FB3F74}.Debug|ARM.ActiveCfg = Debug|ARM
		{78EE3EAC-3295-4A55-85E6-F3F086FB3F74}.Debug|ARM.Build.0 = Debug|ARM
		{78EE3EAC-3295-4A55-85E6-F3F086FB3F74}.Debug|ARM.Deploy.0 = Debug|ARM
		{78EE3EAC-3295-4A55-85E6-F3F086FB3F74}.Debug|x64.ActiveCfg = Debug|x64
		{78EE3EAC-3295-4A55-85E6-F3F086FB3F74}.Debug|x64.Build.0 = Debug|x64
		{78EE3EAC-3295-4A55-85E6-F3F086FB3F74}.Debug|x64.Deploy.0 = Debug|x64
		{78EE3EAC-3295-4A55-85E6-F3F086FB3F74}.Debug|x86.ActiveCfg = Debug|x86
		{78EE3EAC-3295-4A55-85E6-F3F086FB3F74}.Debug|x86.Build.0 = Debug|x86
		{78EE3EAC-3295-4A55-85E6-F3F086FB3F74}.Debug|x86.Deploy.0 = Debug|x86
		{78EE3EAC-3295-4A55-85E6-F3F086FB3F74}.Release|Any CPU.ActiveCfg = Release|x86
		{78EE3EAC-3295-4A55-85E6-F3F086FB3F74}.Release|ARM.ActiveCfg = Release|ARM
		{78EE3EAC-3295-4A55-85E6-F3F086FB3F74}.Release|ARM.Build.0 = Release|ARM
		{78EE3EAC-3295-4A55-85E6-F3F086FB3F74}.Release|ARM.Deploy.0 = Release|ARM
		{78EE3EAC-3295-4A55-85E6-F3F086FB3F74}.Release|x64.ActiveCfg = Release|x64
		{78EE3EAC-3295-4A55-85E6-F3F086FB3F74}.Release|x64.Build.0 = Release|x64
		{78EE3EAC-3295-4A55-85E6-F3F086FB3F74}.Release|x64.Deploy.0 = Release|x64
		{78EE3EAC-3295-4A55-85E6-F3F086FB3F74}.Release|x86.ActiveCfg = Release|x86
		{78EE3EAC-3295-4A55-85E6-F3F086FB3F74}.Release|x86.Build.0 = Release|x86
		{78EE3EAC-3295-4A55-85E6-F3F086FB3F74}.Release|x86.Deploy.0 = Release|x86
		{0FBF61F5-3A19-4121-AAD7-2C31BB701181}.Debug|Any CPU.ActiveCfg = Debug|Any CPU
		{0FBF61F5-3A19-4121-AAD7-2C31BB701181}.Debug|Any CPU.Build.0 = Debug|Any CPU
		{0FBF61F5-3A19-4121-AAD7-2C31BB701181}.Debug|ARM.ActiveCfg = Debug|Any CPU
		{0FBF61F5-3A19-4121-AAD7-2C31BB701181}.Debug|ARM.Build.0 = Debug|Any CPU
		{0FBF61F5-3A19-4121-AAD7-2C31BB701181}.Debug|x64.ActiveCfg = Debug|Any CPU
		{0FBF61F5-3A19-4121-AAD7-2C31BB701181}.Debug|x64.Build.0 = Debug|Any CPU
		{0FBF61F5-3A19-4121-AAD7-2C31BB701181}.Debug|x86.ActiveCfg = Debug|Any CPU
		{0FBF61F5-3A19-4121-AAD7-2C31BB701181}.Debug|x86.Build.0 = Debug|Any CPU
		{0FBF61F5-3A19-4121-AAD7-2C31BB701181}.Release|Any CPU.ActiveCfg = Release|Any CPU
		{0FBF61F5-3A19-4121-AAD7-2C31BB701181}.Release|Any CPU.Build.0 = Release|Any CPU
		{0FBF61F5-3A19-4121-AAD7-2C31BB701181}.Release|ARM.ActiveCfg = Release|Any CPU
		{0FBF61F5-3A19-4121-AAD7-2C31BB701181}.Release|ARM.Build.0 = Release|Any CPU
		{0FBF61F5-3A19-4121-AAD7-2C31BB701181}.Release|x64.ActiveCfg = Release|Any CPU
		{0FBF61F5-3A19-4121-AAD7-2C31BB701181}.Release|x64.Build.0 = Release|Any CPU
		{0FBF61F5-3A19-4121-AAD7-2C31BB701181}.Release|x86.ActiveCfg = Release|Any CPU
		{0FBF61F5-3A19-4121-AAD7-2C31BB701181}.Release|x86.Build.0 = Release|Any CPU
		{E541CBDD-EB95-44F4-BA73-AC5CB17E4187}.Debug|Any CPU.ActiveCfg = Debug|Any CPU
		{E541CBDD-EB95-44F4-BA73-AC5CB17E4187}.Debug|Any CPU.Build.0 = Debug|Any CPU
		{E541CBDD-EB95-44F4-BA73-AC5CB17E4187}.Debug|ARM.ActiveCfg = Debug|Any CPU
		{E541CBDD-EB95-44F4-BA73-AC5CB17E4187}.Debug|ARM.Build.0 = Debug|Any CPU
		{E541CBDD-EB95-44F4-BA73-AC5CB17E4187}.Debug|x64.ActiveCfg = Debug|Any CPU
		{E541CBDD-EB95-44F4-BA73-AC5CB17E4187}.Debug|x64.Build.0 = Debug|Any CPU
		{E541CBDD-EB95-44F4-BA73-AC5CB17E4187}.Debug|x86.ActiveCfg = Debug|Any CPU
		{E541CBDD-EB95-44F4-BA73-AC5CB17E4187}.Debug|x86.Build.0 = Debug|Any CPU
		{E541CBDD-EB95-44F4-BA73-AC5CB17E4187}.Release|Any CPU.ActiveCfg = Release|Any CPU
		{E541CBDD-EB95-44F4-BA73-AC5CB17E4187}.Release|Any CPU.Build.0 = Release|Any CPU
		{E541CBDD-EB95-44F4-BA73-AC5CB17E4187}.Release|ARM.ActiveCfg = Release|Any CPU
		{E541CBDD-EB95-44F4-BA73-AC5CB17E4187}.Release|ARM.Build.0 = Release|Any CPU
		{E541CBDD-EB95-44F4-BA73-AC5CB17E4187}.Release|x64.ActiveCfg = Release|Any CPU
		{E541CBDD-EB95-44F4-BA73-AC5CB17E4187}.Release|x64.Build.0 = Release|Any CPU
		{E541CBDD-EB95-44F4-BA73-AC5CB17E4187}.Release|x86.ActiveCfg = Release|Any CPU
		{E541CBDD-EB95-44F4-BA73-AC5CB17E4187}.Release|x86.Build.0 = Release|Any CPU
	EndGlobalSection
	GlobalSection(SolutionProperties) = preSolution
		HideSolutionNode = FALSE
	EndGlobalSection
	GlobalSection(ExtensibilityGlobals) = postSolution
		SolutionGuid = {2C7ACC20-1AEC-42F7-B299-5953DF48AC1D}
	EndGlobalSection
EndGlobal
